
Microsoft Visual Studio Solution File, Format Version 11.00
# Visual Studio 2010
Project("{FAE04EC0-301F-11D3-BF4B-00C04F79EFBC}") = "OpenIso8583Net", "OpenIso8583Net\OpenIso8583Net.csproj", "{9CAEB159-4EEA-43FD-9507-40B53CE72DA5}"
EndProject
Project("{FAE04EC0-301F-11D3-BF4B-00C04F79EFBC}") = "OpenIso8583Net.Tests", "OpenIso8583Net.Tests\OpenIso8583Net.Tests.csproj", "{DB721307-2E0C-4A44-ADD5-DA61E33BA2A4}"
EndProject
Project("{2150E333-8FDC-42A3-9474-1A3956D46DE8}") = "Solution Items", "Solution Items", "{704C9D6F-BEE7-4755-AB1A-D00CB2B60BB8}"
	ProjectSection(SolutionItems) = preProject
		Local.testsettings = Local.testsettings
		OpenIso8583Net.vsmdi = OpenIso8583Net.vsmdi
		TraceAndTestImpact.testsettings = TraceAndTestImpact.testsettings
		Version.proj = Version.proj
	EndProjectSection
EndProject
Global
	GlobalSection(TestCaseManagementSettings) = postSolution
		CategoryFile = OpenIso8583Net.vsmdi
	EndGlobalSection
	GlobalSection(SolutionConfigurationPlatforms) = preSolution
		Debug|Any CPU = Debug|Any CPU
		Release|Any CPU = Release|Any CPU
	EndGlobalSection
	GlobalSection(ProjectConfigurationPlatforms) = postSolution
		{9CAEB159-4EEA-43FD-9507-40B53CE72DA5}.Debug|Any CPU.ActiveCfg = Debug|Any CPU
		{9CAEB159-4EEA-43FD-9507-40B53CE72DA5}.Debug|Any CPU.Build.0 = Debug|Any CPU
		{9CAEB159-4EEA-43FD-9507-40B53CE72DA5}.Release|Any CPU.ActiveCfg = Release|Any CPU
		{9CAEB159-4EEA-43FD-9507-40B53CE72DA5}.Release|Any CPU.Build.0 = Release|Any CPU
		{DB721307-2E0C-4A44-ADD5-DA61E33BA2A4}.Debug|Any CPU.ActiveCfg = Debug|Any CPU
		{DB721307-2E0C-4A44-ADD5-DA61E33BA2A4}.Debug|Any CPU.Build.0 = Debug|Any CPU
		{DB721307-2E0C-4A44-ADD5-DA61E33BA2A4}.Release|Any CPU.ActiveCfg = Release|Any CPU
		{DB721307-2E0C-4A44-ADD5-DA61E33BA2A4}.Release|Any CPU.Build.0 = Release|Any CPU
	EndGlobalSection
	GlobalSection(SolutionProperties) = preSolution
		HideSolutionNode = FALSE
	EndGlobalSection
EndGlobal
